
Microsoft Visual Studio Solution File, Format Version 12.00
# Visual Studio Version 17
VisualStudioVersion = 17.7.34031.279
MinimumVisualStudioVersion = 10.0.40219.1
Project("{9A19103F-16F7-4668-BE54-9A1E7A4F7556}") = "EjercicioPruebaMenu", "EjercicioPruebaMenu.csproj", "{00405D08-B566-44C0-A8AA-60FB33F136CF}"
EndProject
Global
	GlobalSection(SolutionConfigurationPlatforms) = preSolution
		Debug|Any CPU = Debug|Any CPU
		Release|Any CPU = Release|Any CPU
	EndGlobalSection
	GlobalSection(ProjectConfigurationPlatforms) = postSolution
		{00405D08-B566-44C0-A8AA-60FB33F136CF}.Debug|Any CPU.ActiveCfg = Debug|Any CPU
		{00405D08-B566-44C0-A8AA-60FB33F136CF}.Debug|Any CPU.Build.0 = Debug|Any CPU
		{00405D08-B566-44C0-A8AA-60FB33F136CF}.Release|Any CPU.ActiveCfg = Release|Any CPU
		{00405D08-B566-44C0-A8AA-60FB33F136CF}.Release|Any CPU.Build.0 = Release|Any CPU
	EndGlobalSection
	GlobalSection(SolutionProperties) = preSolution
		HideSolutionNode = FALSE
	EndGlobalSection
	GlobalSection(ExtensibilityGlobals) = postSolution
		SolutionGuid = {8F76075C-7E1A-49FB-81CD-53910F85ACAC}
	EndGlobalSection
EndGlobal
